// !$*UTF8*$!
{
	archiveVersion = 1;
	classes = {
	};
	objectVersion = 50;
	objects = {

/* Begin PBXBuildFile section */
		A002CD7B25A655F700C0AF6D /* BullshyTests.swift in Sources */ = {isa = PBXBuildFile; fileRef = A002CD7A25A655F700C0AF6D /* BullshyTests.swift */; };
		A013D93725A4E78300737A07 /* BullshyApp.swift in Sources */ = {isa = PBXBuildFile; fileRef = A013D93625A4E78300737A07 /* BullshyApp.swift */; };
		A013D93925A4E78300737A07 /* ContentView.swift in Sources */ = {isa = PBXBuildFile; fileRef = A013D93825A4E78300737A07 /* ContentView.swift */; };
		A013D93B25A4E78400737A07 /* Assets.xcassets in Resources */ = {isa = PBXBuildFile; fileRef = A013D93A25A4E78400737A07 /* Assets.xcassets */; };
		A013D93E25A4E78400737A07 /* Preview Assets.xcassets in Resources */ = {isa = PBXBuildFile; fileRef = A013D93D25A4E78400737A07 /* Preview Assets.xcassets */; };
		A013D94C25A5081800737A07 /* Game.swift in Sources */ = {isa = PBXBuildFile; fileRef = A013D94B25A5081800737A07 /* Game.swift */; };
		A023360825AE29ED00338B31 /* shapes.swift in Sources */ = {isa = PBXBuildFile; fileRef = A023360725AE29ED00338B31 /* shapes.swift */; };
		A023361025AE368700338B31 /* RoundedImageViewStroked.swift in Sources */ = {isa = PBXBuildFile; fileRef = A023360F25AE368700338B31 /* RoundedImageViewStroked.swift */; };
		A0E20BE525ACE69B0009C820 /* TextViews.swift in Sources */ = {isa = PBXBuildFile; fileRef = A0E20BE425ACE69B0009C820 /* TextViews.swift */; };
		A0E20BED25ACEB870009C820 /* UI_Interactibles.swift in Sources */ = {isa = PBXBuildFile; fileRef = A0E20BEC25ACEB870009C820 /* UI_Interactibles.swift */; };
		A0F60DB625AE3EB5008EBA46 /* BackgroundView.swift in Sources */ = {isa = PBXBuildFile; fileRef = A0F60DB525AE3EB5008EBA46 /* BackgroundView.swift */; };
/* End PBXBuildFile section */

/* Begin PBXContainerItemProxy section */
		A002CD7D25A655F700C0AF6D /* PBXContainerItemProxy */ = {
			isa = PBXContainerItemProxy;
			containerPortal = A013D92B25A4E78300737A07 /* Project object */;
			proxyType = 1;
			remoteGlobalIDString = A013D93225A4E78300737A07;
			remoteInfo = Bullshy;
		};
/* End PBXContainerItemProxy section */

/* Begin PBXFileReference section */
		A002CD7825A655F700C0AF6D /* BullshyTests.xctest */ = {isa = PBXFileReference; explicitFileType = wrapper.cfbundle; includeInIndex = 0; path = BullshyTests.xctest; sourceTree = BUILT_PRODUCTS_DIR; };
		A002CD7A25A655F700C0AF6D /* BullshyTests.swift */ = {isa = PBXFileReference; lastKnownFileType = sourcecode.swift; path = BullshyTests.swift; sourceTree = "<group>"; wrapsLines = 0; };
		A002CD7C25A655F700C0AF6D /* Info.plist */ = {isa = PBXFileReference; lastKnownFileType = text.plist.xml; path = Info.plist; sourceTree = "<group>"; };
		A013D93325A4E78300737A07 /* Bullshy.app */ = {isa = PBXFileReference; explicitFileType = wrapper.application; includeInIndex = 0; path = Bullshy.app; sourceTree = BUILT_PRODUCTS_DIR; };
		A013D93625A4E78300737A07 /* BullshyApp.swift */ = {isa = PBXFileReference; lastKnownFileType = sourcecode.swift; path = BullshyApp.swift; sourceTree = "<group>"; };
		A013D93825A4E78300737A07 /* ContentView.swift */ = {isa = PBXFileReference; lastKnownFileType = sourcecode.swift; path = ContentView.swift; sourceTree = "<group>"; wrapsLines = 0; };
		A013D93A25A4E78400737A07 /* Assets.xcassets */ = {isa = PBXFileReference; lastKnownFileType = folder.assetcatalog; path = Assets.xcassets; sourceTree = "<group>"; };
		A013D93D25A4E78400737A07 /* Preview Assets.xcassets */ = {isa = PBXFileReference; lastKnownFileType = folder.assetcatalog; path = "Preview Assets.xcassets"; sourceTree = "<group>"; };
		A013D93F25A4E78400737A07 /* Info.plist */ = {isa = PBXFileReference; lastKnownFileType = text.plist.xml; path = Info.plist; sourceTree = "<group>"; };
		A013D94B25A5081800737A07 /* Game.swift */ = {isa = PBXFileReference; lastKnownFileType = sourcecode.swift; path = Game.swift; sourceTree = "<group>"; wrapsLines = 0; };
		A023360725AE29ED00338B31 /* shapes.swift */ = {isa = PBXFileReference; lastKnownFileType = sourcecode.swift; path = shapes.swift; sourceTree = "<group>"; wrapsLines = 0; };
		A023360F25AE368700338B31 /* RoundedImageViewStroked.swift */ = {isa = PBXFileReference; lastKnownFileType = sourcecode.swift; path = RoundedImageViewStroked.swift; sourceTree = "<group>"; wrapsLines = 0; };
		A0E20BE425ACE69B0009C820 /* TextViews.swift */ = {isa = PBXFileReference; lastKnownFileType = sourcecode.swift; path = TextViews.swift; sourceTree = "<group>"; wrapsLines = 0; };
		A0E20BEC25ACEB870009C820 /* UI_Interactibles.swift */ = {isa = PBXFileReference; lastKnownFileType = sourcecode.swift; path = UI_Interactibles.swift; sourceTree = "<group>"; };
		A0F60DB525AE3EB5008EBA46 /* BackgroundView.swift */ = {isa = PBXFileReference; lastKnownFileType = sourcecode.swift; path = BackgroundView.swift; sourceTree = "<group>"; };
/* End PBXFileReference section */

/* Begin PBXFrameworksBuildPhase section */
		A002CD7525A655F700C0AF6D /* Frameworks */ = {
			isa = PBXFrameworksBuildPhase;
			buildActionMask = 2147483647;
			files = (
			);
			runOnlyForDeploymentPostprocessing = 0;
		};
		A013D93025A4E78300737A07 /* Frameworks */ = {
			isa = PBXFrameworksBuildPhase;
			buildActionMask = 2147483647;
			files = (
			);
			runOnlyForDeploymentPostprocessing = 0;
		};
/* End PBXFrameworksBuildPhase section */

/* Begin PBXGroup section */
		A002CD7925A655F700C0AF6D /* BullshyTests */ = {
			isa = PBXGroup;
			children = (
				A002CD7A25A655F700C0AF6D /* BullshyTests.swift */,
				A002CD7C25A655F700C0AF6D /* Info.plist */,
			);
			path = BullshyTests;
			sourceTree = "<group>";
		};
		A013D92A25A4E78300737A07 = {
			isa = PBXGroup;
			children = (
				A013D93525A4E78300737A07 /* Bullshy */,
				A002CD7925A655F700C0AF6D /* BullshyTests */,
				A013D93425A4E78300737A07 /* Products */,
			);
			sourceTree = "<group>";
		};
		A013D93425A4E78300737A07 /* Products */ = {
			isa = PBXGroup;
			children = (
				A013D93325A4E78300737A07 /* Bullshy.app */,
				A002CD7825A655F700C0AF6D /* BullshyTests.xctest */,
			);
			name = Products;
			sourceTree = "<group>";
		};
		A013D93525A4E78300737A07 /* Bullshy */ = {
			isa = PBXGroup;
			children = (
				A013D94825A5078B00737A07 /* App */,
				A013D94725A5077700737A07 /* views */,
				A013D94625A5076400737A07 /* models */,
				A013D93C25A4E78400737A07 /* Preview Content */,
			);
			path = Bullshy;
			sourceTree = "<group>";
		};
		A013D93C25A4E78400737A07 /* Preview Content */ = {
			isa = PBXGroup;
			children = (
				A013D93D25A4E78400737A07 /* Preview Assets.xcassets */,
			);
			path = "Preview Content";
			sourceTree = "<group>";
		};
		A013D94625A5076400737A07 /* models */ = {
			isa = PBXGroup;
			children = (
				A013D94B25A5081800737A07 /* Game.swift */,
			);
			path = models;
			sourceTree = "<group>";
		};
		A013D94725A5077700737A07 /* views */ = {
			isa = PBXGroup;
			children = (
				A013D93825A4E78300737A07 /* ContentView.swift */,
				A0E20BE425ACE69B0009C820 /* TextViews.swift */,
				A0E20BEC25ACEB870009C820 /* UI_Interactibles.swift */,
				A023360725AE29ED00338B31 /* shapes.swift */,
				A023360F25AE368700338B31 /* RoundedImageViewStroked.swift */,
				A0F60DB525AE3EB5008EBA46 /* BackgroundView.swift */,
			);
			path = views;
			sourceTree = "<group>";
		};
		A013D94825A5078B00737A07 /* App */ = {
			isa = PBXGroup;
			children = (
				A013D93A25A4E78400737A07 /* Assets.xcassets */,
				A013D93F25A4E78400737A07 /* Info.plist */,
				A013D93625A4E78300737A07 /* BullshyApp.swift */,
			);
			path = App;
			sourceTree = "<group>";
		};
/* End PBXGroup section */

/* Begin PBXNativeTarget section */
		A002CD7725A655F700C0AF6D /* BullshyTests */ = {
			isa = PBXNativeTarget;
			buildConfigurationList = A002CD7F25A655F700C0AF6D /* Build configuration list for PBXNativeTarget "BullshyTests" */;
			buildPhases = (
				A002CD7425A655F700C0AF6D /* Sources */,
				A002CD7525A655F700C0AF6D /* Frameworks */,
				A002CD7625A655F700C0AF6D /* Resources */,
			);
			buildRules = (
			);
			dependencies = (
				A002CD7E25A655F700C0AF6D /* PBXTargetDependency */,
			);
			name = BullshyTests;
			productName = BullshyTests;
			productReference = A002CD7825A655F700C0AF6D /* BullshyTests.xctest */;
			productType = "com.apple.product-type.bundle.unit-test";
		};
		A013D93225A4E78300737A07 /* Bullshy */ = {
			isa = PBXNativeTarget;
			buildConfigurationList = A013D94225A4E78400737A07 /* Build configuration list for PBXNativeTarget "Bullshy" */;
			buildPhases = (
				A013D92F25A4E78300737A07 /* Sources */,
				A013D93025A4E78300737A07 /* Frameworks */,
				A013D93125A4E78300737A07 /* Resources */,
			);
			buildRules = (
			);
			dependencies = (
			);
			name = Bullshy;
			productName = Bullshy;
			productReference = A013D93325A4E78300737A07 /* Bullshy.app */;
			productType = "com.apple.product-type.application";
		};
/* End PBXNativeTarget section */

/* Begin PBXProject section */
		A013D92B25A4E78300737A07 /* Project object */ = {
			isa = PBXProject;
			attributes = {
				LastSwiftUpdateCheck = 1230;
				LastUpgradeCheck = 1230;
				TargetAttributes = {
					A002CD7725A655F700C0AF6D = {
						CreatedOnToolsVersion = 12.3;
						TestTargetID = A013D93225A4E78300737A07;
					};
					A013D93225A4E78300737A07 = {
						CreatedOnToolsVersion = 12.3;
					};
				};
			};
			buildConfigurationList = A013D92E25A4E78300737A07 /* Build configuration list for PBXProject "Bullshy" */;
			compatibilityVersion = "Xcode 9.3";
			developmentRegion = en;
			hasScannedForEncodings = 0;
			knownRegions = (
				en,
				Base,
			);
			mainGroup = A013D92A25A4E78300737A07;
			productRefGroup = A013D93425A4E78300737A07 /* Products */;
			projectDirPath = "";
			projectRoot = "";
			targets = (
				A013D93225A4E78300737A07 /* Bullshy */,
				A002CD7725A655F700C0AF6D /* BullshyTests */,
			);
		};
/* End PBXProject section */

/* Begin PBXResourcesBuildPhase section */
		A002CD7625A655F700C0AF6D /* Resources */ = {
			isa = PBXResourcesBuildPhase;
			buildActionMask = 2147483647;
			files = (
			);
			runOnlyForDeploymentPostprocessing = 0;
		};
		A013D93125A4E78300737A07 /* Resources */ = {
			isa = PBXResourcesBuildPhase;
			buildActionMask = 2147483647;
			files = (
				A013D93E25A4E78400737A07 /* Preview Assets.xcassets in Resources */,
				A013D93B25A4E78400737A07 /* Assets.xcassets in Resources */,
			);
			runOnlyForDeploymentPostprocessing = 0;
		};
/* End PBXResourcesBuildPhase section */

/* Begin PBXSourcesBuildPhase section */
		A002CD7425A655F700C0AF6D /* Sources */ = {
			isa = PBXSourcesBuildPhase;
			buildActionMask = 2147483647;
			files = (
				A002CD7B25A655F700C0AF6D /* BullshyTests.swift in Sources */,
			);
			runOnlyForDeploymentPostprocessing = 0;
		};
		A013D92F25A4E78300737A07 /* Sources */ = {
			isa = PBXSourcesBuildPhase;
			buildActionMask = 2147483647;
			files = (
				A013D93925A4E78300737A07 /* ContentView.swift in Sources */,
				A0E20BED25ACEB870009C820 /* UI_Interactibles.swift in Sources */,
				A0F60DB625AE3EB5008EBA46 /* BackgroundView.swift in Sources */,
				A0E20BE525ACE69B0009C820 /* TextViews.swift in Sources */,
				A023360825AE29ED00338B31 /* shapes.swift in Sources */,
				A013D94C25A5081800737A07 /* Game.swift in Sources */,
				A013D93725A4E78300737A07 /* BullshyApp.swift in Sources */,
				A023361025AE368700338B31 /* RoundedImageViewStroked.swift in Sources */,
			);
			runOnlyForDeploymentPostprocessing = 0;
		};
/* End PBXSourcesBuildPhase section */

/* Begin PBXTargetDependency section */
		A002CD7E25A655F700C0AF6D /* PBXTargetDependency */ = {
			isa = PBXTargetDependency;
			target = A013D93225A4E78300737A07 /* Bullshy */;
			targetProxy = A002CD7D25A655F700C0AF6D /* PBXContainerItemProxy */;
		};
/* End PBXTargetDependency section */

/* Begin XCBuildConfiguration section */
		A002CD8025A655F700C0AF6D /* Debug */ = {
			isa = XCBuildConfiguration;
			buildSettings = {
				BUNDLE_LOADER = "$(TEST_HOST)";
				CODE_SIGN_STYLE = Automatic;
				DEVELOPMENT_TEAM = AZFMYC7RVP;
				INFOPLIST_FILE = BullshyTests/Info.plist;
				LD_RUNPATH_SEARCH_PATHS = (
					"$(inherited)",
					"@executable_path/Frameworks",
					"@loader_path/Frameworks",
				);
				PRODUCT_BUNDLE_IDENTIFIER = com.ben.BullshyTests;
				PRODUCT_NAME = "$(TARGET_NAME)";
				SWIFT_VERSION = 5.0;
				TARGETED_DEVICE_FAMILY = "1,2";
				TEST_HOST = "$(BUILT_PRODUCTS_DIR)/Bullshy.app/Bullshy";
			};
			name = Debug;
		};
		A002CD8125A655F700C0AF6D /* Release */ = {
			isa = XCBuildConfiguration;
			buildSettings = {
				BUNDLE_LOADER = "$(TEST_HOST)";
				CODE_SIGN_STYLE = Automatic;
				DEVELOPMENT_TEAM = AZFMYC7RVP;
				INFOPLIST_FILE = BullshyTests/Info.plist;
				LD_RUNPATH_SEARCH_PATHS = (
					"$(inherited)",
					"@executable_path/Frameworks",
					"@loader_path/Frameworks",
				);
				PRODUCT_BUNDLE_IDENTIFIER = com.ben.BullshyTests;
				PRODUCT_NAME = "$(TARGET_NAME)";
				SWIFT_VERSION = 5.0;
				TARGETED_DEVICE_FAMILY = "1,2";
				TEST_HOST = "$(BUILT_PRODUCTS_DIR)/Bullshy.app/Bullshy";
			};
			name = Release;
		};
		A013D94025A4E78400737A07 /* Debug */ = {
			isa = XCBuildConfiguration;
			buildSettings = {
				ALWAYS_SEARCH_USER_PATHS = NO;
				CLANG_ANALYZER_NONNULL = YES;
				CLANG_ANALYZER_NUMBER_OBJECT_CONVERSION = YES_AGGRESSIVE;
				CLANG_CXX_LANGUAGE_STANDARD = "gnu++14";
				CLANG_CXX_LIBRARY = "libc++";
				CLANG_ENABLE_MODULES = YES;
				CLANG_ENABLE_OBJC_ARC = YES;
				CLANG_ENABLE_OBJC_WEAK = YES;
				CLANG_WARN_BLOCK_CAPTURE_AUTORELEASING = YES;
				CLANG_WARN_BOOL_CONVERSION = YES;
				CLANG_WARN_COMMA = YES;
				CLANG_WARN_CONSTANT_CONVERSION = YES;
				CLANG_WARN_DEPRECATED_OBJC_IMPLEMENTATIONS = YES;
				CLANG_WARN_DIRECT_OBJC_ISA_USAGE = YES_ERROR;
				CLANG_WARN_DOCUMENTATION_COMMENTS = YES;
				CLANG_WARN_EMPTY_BODY = YES;
				CLANG_WARN_ENUM_CONVERSION = YES;
				CLANG_WARN_INFINITE_RECURSION = YES;
				CLANG_WARN_INT_CONVERSION = YES;
				CLANG_WARN_NON_LITERAL_NULL_CONVERSION = YES;
				CLANG_WARN_OBJC_IMPLICIT_RETAIN_SELF = YES;
				CLANG_WARN_OBJC_LITERAL_CONVERSION = YES;
				CLANG_WARN_OBJC_ROOT_CLASS = YES_ERROR;
				CLANG_WARN_QUOTED_INCLUDE_IN_FRAMEWORK_HEADER = YES;
				CLANG_WARN_RANGE_LOOP_ANALYSIS = YES;
				CLANG_WARN_STRICT_PROTOTYPES = YES;
				CLANG_WARN_SUSPICIOUS_MOVE = YES;
				CLANG_WARN_UNGUARDED_AVAILABILITY = YES_AGGRESSIVE;
				CLANG_WARN_UNREACHABLE_CODE = YES;
				CLANG_WARN__DUPLICATE_METHOD_MATCH = YES;
				COPY_PHASE_STRIP = NO;
				DEBUG_INFORMATION_FORMAT = dwarf;
				ENABLE_STRICT_OBJC_MSGSEND = YES;
				ENABLE_TESTABILITY = YES;
				GCC_C_LANGUAGE_STANDARD = gnu11;
				GCC_DYNAMIC_NO_PIC = NO;
				GCC_NO_COMMON_BLOCKS = YES;
				GCC_OPTIMIZATION_LEVEL = 0;
				GCC_PREPROCESSOR_DEFINITIONS = (
					"DEBUG=1",
					"$(inherited)",
				);
				GCC_WARN_64_TO_32_BIT_CONVERSION = YES;
				GCC_WARN_ABOUT_RETURN_TYPE = YES_ERROR;
				GCC_WARN_UNDECLARED_SELECTOR = YES;
				GCC_WARN_UNINITIALIZED_AUTOS = YES_AGGRESSIVE;
				GCC_WARN_UNUSED_FUNCTION = YES;
				GCC_WARN_UNUSED_VARIABLE = YES;
				IPHONEOS_DEPLOYMENT_TARGET = 14.3;
				MTL_ENABLE_DEBUG_INFO = INCLUDE_SOURCE;
				MTL_FAST_MATH = YES;
				ONLY_ACTIVE_ARCH = YES;
				SDKROOT = iphoneos;
				SWIFT_ACTIVE_COMPILATION_CONDITIONS = DEBUG;
				SWIFT_OPTIMIZATION_LEVEL = "-Onone";
			};
			name = Debug;
		};
		A013D94125A4E78400737A07 /* Release */ = {
			isa = XCBuildConfiguration;
			buildSettings = {
				ALWAYS_SEARCH_USER_PATHS = NO;
				CLANG_ANALYZER_NONNULL = YES;
				CLANG_ANALYZER_NUMBER_OBJECT_CONVERSION = YES_AGGRESSIVE;
				CLANG_CXX_LANGUAGE_STANDARD = "gnu++14";
				CLANG_CXX_LIBRARY = "libc++";
				CLANG_ENABLE_MODULES = YES;
				CLANG_ENABLE_OBJC_ARC = YES;
				CLANG_ENABLE_OBJC_WEAK = YES;
				CLANG_WARN_BLOCK_CAPTURE_AUTORELEASING = YES;
				CLANG_WARN_BOOL_CONVERSION = YES;
				CLANG_WARN_COMMA = YES;
				CLANG_WARN_CONSTANT_CONVERSION = YES;
				CLANG_WARN_DEPRECATED_OBJC_IMPLEMENTATIONS = YES;
				CLANG_WARN_DIRECT_OBJC_ISA_USAGE = YES_ERROR;
				CLANG_WARN_DOCUMENTATION_COMMENTS = YES;
				CLANG_WARN_EMPTY_BODY = YES;
				CLANG_WARN_ENUM_CONVERSION = YES;
				CLANG_WARN_INFINITE_RECURSION = YES;
				CLANG_WARN_INT_CONVERSION = YES;
				CLANG_WARN_NON_LITERAL_NULL_CONVERSION = YES;
				CLANG_WARN_OBJC_IMPLICIT_RETAIN_SELF = YES;
				CLANG_WARN_OBJC_LITERAL_CONVERSION = YES;
				CLANG_WARN_OBJC_ROOT_CLASS = YES_ERROR;
				CLANG_WARN_QUOTED_INCLUDE_IN_FRAMEWORK_HEADER = YES;
				CLANG_WARN_RANGE_LOOP_ANALYSIS = YES;
				CLANG_WARN_STRICT_PROTOTYPES = YES;
				CLANG_WARN_SUSPICIOUS_MOVE = YES;
				CLANG_WARN_UNGUARDED_AVAILABILITY = YES_AGGRESSIVE;
				CLANG_WARN_UNREACHABLE_CODE = YES;
				CLANG_WARN__DUPLICATE_METHOD_MATCH = YES;
				COPY_PHASE_STRIP = NO;
				DEBUG_INFORMATION_FORMAT = "dwarf-with-dsym";
				ENABLE_NS_ASSERTIONS = NO;
				ENABLE_STRICT_OBJC_MSGSEND = YES;
				GCC_C_LANGUAGE_STANDARD = gnu11;
				GCC_NO_COMMON_BLOCKS = YES;
				GCC_WARN_64_TO_32_BIT_CONVERSION = YES;
				GCC_WARN_ABOUT_RETURN_TYPE = YES_ERROR;
				GCC_WARN_UNDECLARED_SELECTOR = YES;
				GCC_WARN_UNINITIALIZED_AUTOS = YES_AGGRESSIVE;
				GCC_WARN_UNUSED_FUNCTION = YES;
				GCC_WARN_UNUSED_VARIABLE = YES;
				IPHONEOS_DEPLOYMENT_TARGET = 14.3;
				MTL_ENABLE_DEBUG_INFO = NO;
				MTL_FAST_MATH = YES;
				SDKROOT = iphoneos;
				SWIFT_COMPILATION_MODE = wholemodule;
				SWIFT_OPTIMIZATION_LEVEL = "-O";
				VALIDATE_PRODUCT = YES;
			};
			name = Release;
		};
		A013D94325A4E78400737A07 /* Debug */ = {
			isa = XCBuildConfiguration;
			buildSettings = {
				ASSETCATALOG_COMPILER_APPICON_NAME = AppIcon;
				ASSETCATALOG_COMPILER_GLOBAL_ACCENT_COLOR_NAME = AccentColor;
				CODE_SIGN_STYLE = Automatic;
				DEVELOPMENT_ASSET_PATHS = "\"Bullshy/Preview Content\"";
				DEVELOPMENT_TEAM = AZFMYC7RVP;
				ENABLE_PREVIEWS = YES;
				INFOPLIST_FILE = Bullshy/App/Info.plist;
				IPHONEOS_DEPLOYMENT_TARGET = 14.0;
				LD_RUNPATH_SEARCH_PATHS = (
					"$(inherited)",
					"@executable_path/Frameworks",
				);
				PRODUCT_BUNDLE_IDENTIFIER = com.ben.Bullshy;
				PRODUCT_NAME = "$(TARGET_NAME)";
				SWIFT_VERSION = 5.0;
				TARGETED_DEVICE_FAMILY = "1,2";
			};
			name = Debug;
		};
		A013D94425A4E78400737A07 /* Release */ = {
			isa = XCBuildConfiguration;
			buildSettings = {
				ASSETCATALOG_COMPILER_APPICON_NAME = AppIcon;
				ASSETCATALOG_COMPILER_GLOBAL_ACCENT_COLOR_NAME = AccentColor;
				CODE_SIGN_STYLE = Automatic;
				DEVELOPMENT_ASSET_PATHS = "\"Bullshy/Preview Content\"";
				DEVELOPMENT_TEAM = AZFMYC7RVP;
				ENABLE_PREVIEWS = YES;
				INFOPLIST_FILE = Bullshy/App/Info.plist;
				IPHONEOS_DEPLOYMENT_TARGET = 14.0;
				LD_RUNPATH_SEARCH_PATHS = (
					"$(inherited)",
					"@executable_path/Frameworks",
				);
				PRODUCT_BUNDLE_IDENTIFIER = com.ben.Bullshy;
				PRODUCT_NAME = "$(TARGET_NAME)";
				SWIFT_VERSION = 5.0;
				TARGETED_DEVICE_FAMILY = "1,2";
			};
			name = Release;
		};
/* End XCBuildConfiguration section */

/* Begin XCConfigurationList section */
		A002CD7F25A655F700C0AF6D /* Build configuration list for PBXNativeTarget "BullshyTests" */ = {
			isa = XCConfigurationList;
			buildConfigurations = (
				A002CD8025A655F700C0AF6D /* Debug */,
				A002CD8125A655F700C0AF6D /* Release */,
			);
			defaultConfigurationIsVisible = 0;
			defaultConfigurationName = Release;
		};
		A013D92E25A4E78300737A07 /* Build configuration list for PBXProject "Bullshy" */ = {
			isa = XCConfigurationList;
			buildConfigurations = (
				A013D94025A4E78400737A07 /* Debug */,
				A013D94125A4E78400737A07 /* Release */,
			);
			defaultConfigurationIsVisible = 0;
			defaultConfigurationName = Release;
		};
		A013D94225A4E78400737A07 /* Build configuration list for PBXNativeTarget "Bullshy" */ = {
			isa = XCConfigurationList;
			buildConfigurations = (
				A013D94325A4E78400737A07 /* Debug */,
				A013D94425A4E78400737A07 /* Release */,
			);
			defaultConfigurationIsVisible = 0;
			defaultConfigurationName = Release;
		};
/* End XCConfigurationList section */
	};
	rootObject = A013D92B25A4E78300737A07 /* Project object */;
}
